<?xml version="1.0" encoding="utf-8"?>
<Project ToolsVersion="4.0" xmlns="http://schemas.microsoft.com/developer/msbuild/2003">
  <ItemGroup>
    <Filter Include="Cajo">
      <UniqueIdentifier>{A277837C-8EAE-840D-379B-6A1023B1000F}</UniqueIdentifier>
    </Filter>
  </ItemGroup>
  <ItemGroup>
    <ClInclude Include="src\Cajo.h" />
    <ClInclude Include="src\Cajo\Application.h">
      <Filter>Cajo</Filter>
    </ClInclude>
    <ClInclude Include="src\Cajo\Core.h">
      <Filter>Cajo</Filter>
    </ClInclude>
    <ClInclude Include="src\Cajo\EntryPoint.h">
      <Filter>Cajo</Filter>
    </ClInclude>
    <ClInclude Include="src\Cajo\Log.h">
      <Filter>Cajo</Filter>
    </ClInclude>
  </ItemGroup>
  <ItemGroup>
    <ClCompile Include="src\Cajo\Application.cpp">
      <Filter>Cajo</Filter>
    </ClCompile>
    <ClCompile Include="src\Cajo\Log.cpp">
      <Filter>Cajo</Filter>
    </ClCompile>
  </ItemGroup>
</Project>